
Microsoft Visual Studio Solution File, Format Version 12.00
# Visual Studio Version 16
VisualStudioVersion = 16.0.29409.12
MinimumVisualStudioVersion = 10.0.40219.1
Project("{888888A0-9F3D-457C-B088-3A5042F75D52}") = "XSS", "XSS\XSS.pyproj", "{E8C79B1E-B37C-4EE2-96A7-32AEB3E47D41}"
EndProject
Global
	GlobalSection(SolutionConfigurationPlatforms) = preSolution
		Debug|Any CPU = Debug|Any CPU
		Release|Any CPU = Release|Any CPU
	EndGlobalSection
	GlobalSection(ProjectConfigurationPlatforms) = postSolution
		{E8C79B1E-B37C-4EE2-96A7-32AEB3E47D41}.Debug|Any CPU.ActiveCfg = Debug|Any CPU
		{E8C79B1E-B37C-4EE2-96A7-32AEB3E47D41}.Release|Any CPU.ActiveCfg = Release|Any CPU
	EndGlobalSection
	GlobalSection(SolutionProperties) = preSolution
		HideSolutionNode = FALSE
	EndGlobalSection
	GlobalSection(ExtensibilityGlobals) = postSolution
		SolutionGuid = {BA6AF7A6-B877-4A7F-A77C-D41B1E24F2D7}
	EndGlobalSection
EndGlobal
